
Microsoft Visual Studio Solution File, Format Version 12.00
Project("{FAE04EC0-301F-11D3-BF4B-00C04F79EFBC}") = "MatrixMod", "MatrixMod\MatrixMod.csproj", "{7067EA81-5877-4901-A562-EDBB67B651E6}"
EndProject
Global
	GlobalSection(SolutionConfigurationPlatforms) = preSolution
		Debug|Any CPU = Debug|Any CPU
		Release|Any CPU = Release|Any CPU
	EndGlobalSection
	GlobalSection(ProjectConfigurationPlatforms) = postSolution
		{7067EA81-5877-4901-A562-EDBB67B651E6}.Debug|Any CPU.ActiveCfg = Debug|Any CPU
		{7067EA81-5877-4901-A562-EDBB67B651E6}.Debug|Any CPU.Build.0 = Debug|Any CPU
		{7067EA81-5877-4901-A562-EDBB67B651E6}.Release|Any CPU.ActiveCfg = Release|Any CPU
		{7067EA81-5877-4901-A562-EDBB67B651E6}.Release|Any CPU.Build.0 = Release|Any CPU
	EndGlobalSection
EndGlobal
